
Microsoft Visual Studio Solution File, Format Version 12.00
# Visual Studio Version 17
VisualStudioVersion = 17.13.35913.81 d17.13
MinimumVisualStudioVersion = 10.0.40219.1
Project("{8BC9CEB8-8B4A-11D0-8D11-00A0C91BC942}") = "Imgui-SFML-Docked", "Imgui-SFML-Docked.vcxproj", "{BA981CC0-25CE-4679-9204-3E667E3D7287}"
EndProject
Global
	GlobalSection(SolutionConfigurationPlatforms) = preSolution
		Debug|x64 = Debug|x64
		Debug|x86 = Debug|x86
		Release|x64 = Release|x64
		Release|x86 = Release|x86
	EndGlobalSection
	GlobalSection(ProjectConfigurationPlatforms) = postSolution
		{BA981CC0-25CE-4679-9204-3E667E3D7287}.Debug|x64.ActiveCfg = Debug|x64
		{BA981CC0-25CE-4679-9204-3E667E3D7287}.Debug|x64.Build.0 = Debug|x64
		{BA981CC0-25CE-4679-9204-3E667E3D7287}.Debug|x86.ActiveCfg = Debug|Win32
		{BA981CC0-25CE-4679-9204-3E667E3D7287}.Debug|x86.Build.0 = Debug|Win32
		{BA981CC0-25CE-4679-9204-3E667E3D7287}.Release|x64.ActiveCfg = Release|x64
		{BA981CC0-25CE-4679-9204-3E667E3D7287}.Release|x64.Build.0 = Release|x64
		{BA981CC0-25CE-4679-9204-3E667E3D7287}.Release|x86.ActiveCfg = Release|Win32
		{BA981CC0-25CE-4679-9204-3E667E3D7287}.Release|x86.Build.0 = Release|Win32
	EndGlobalSection
	GlobalSection(SolutionProperties) = preSolution
		HideSolutionNode = FALSE
	EndGlobalSection
	GlobalSection(ExtensibilityGlobals) = postSolution
		SolutionGuid = {153B1613-2C6F-47CB-86A7-D809CDECA44D}
	EndGlobalSection
EndGlobal
